
Microsoft Visual Studio Solution File, Format Version 12.00
# Visual Studio 14
VisualStudioVersion = 14.0.25420.1
MinimumVisualStudioVersion = 10.0.40219.1
Project("{FAE04EC0-301F-11D3-BF4B-00C04F79EFBC}") = "LabelSwitchingRouter", "LabelSwtichingRouter\LabelSwitchingRouter.csproj", "{86EAF508-647A-4C2F-A4A6-8D275C127841}"
EndProject
Project("{FAE04EC0-301F-11D3-BF4B-00C04F79EFBC}") = "NMS", "..\..\..\tsst_nms\NMS\NMS\NMS.csproj", "{7EBDB322-4C24-4787-ACA7-AE871604F7A6}"
EndProject
Project("{FAE04EC0-301F-11D3-BF4B-00C04F79EFBC}") = "tsst_client", "..\..\..\tsst_client\tsst_client\tsst_client.csproj", "{F9A62193-8C61-4DA8-BC84-ED8EFDF2104A}"
EndProject
Project("{FAE04EC0-301F-11D3-BF4B-00C04F79EFBC}") = "Subnetwork", "..\..\..\TSSTSubnetwork\Subnetwork\Subnetwork\Subnetwork.csproj", "{B24A7980-4D51-4BFB-9762-4E3F5C80E92E}"
EndProject
Project("{FAE04EC0-301F-11D3-BF4B-00C04F79EFBC}") = "CustomSocket", "..\..\..\..\..\Documents\Visual Studio 2015\Projects\CustomSocket\CustomSocket\CustomSocket.csproj", "{A0C09126-9DD3-4857-8C90-EC2B090BEB11}"
EndProject
Global
	GlobalSection(SolutionConfigurationPlatforms) = preSolution
		Debug|Any CPU = Debug|Any CPU
		Release|Any CPU = Release|Any CPU
	EndGlobalSection
	GlobalSection(ProjectConfigurationPlatforms) = postSolution
		{86EAF508-647A-4C2F-A4A6-8D275C127841}.Debug|Any CPU.ActiveCfg = Debug|Any CPU
		{86EAF508-647A-4C2F-A4A6-8D275C127841}.Debug|Any CPU.Build.0 = Debug|Any CPU
		{86EAF508-647A-4C2F-A4A6-8D275C127841}.Release|Any CPU.ActiveCfg = Release|Any CPU
		{86EAF508-647A-4C2F-A4A6-8D275C127841}.Release|Any CPU.Build.0 = Release|Any CPU
		{7EBDB322-4C24-4787-ACA7-AE871604F7A6}.Debug|Any CPU.ActiveCfg = Debug|Any CPU
		{7EBDB322-4C24-4787-ACA7-AE871604F7A6}.Debug|Any CPU.Build.0 = Debug|Any CPU
		{7EBDB322-4C24-4787-ACA7-AE871604F7A6}.Release|Any CPU.ActiveCfg = Release|Any CPU
		{7EBDB322-4C24-4787-ACA7-AE871604F7A6}.Release|Any CPU.Build.0 = Release|Any CPU
		{F9A62193-8C61-4DA8-BC84-ED8EFDF2104A}.Debug|Any CPU.ActiveCfg = Debug|Any CPU
		{F9A62193-8C61-4DA8-BC84-ED8EFDF2104A}.Debug|Any CPU.Build.0 = Debug|Any CPU
		{F9A62193-8C61-4DA8-BC84-ED8EFDF2104A}.Release|Any CPU.ActiveCfg = Release|Any CPU
		{F9A62193-8C61-4DA8-BC84-ED8EFDF2104A}.Release|Any CPU.Build.0 = Release|Any CPU
		{B24A7980-4D51-4BFB-9762-4E3F5C80E92E}.Debug|Any CPU.ActiveCfg = Debug|Any CPU
		{B24A7980-4D51-4BFB-9762-4E3F5C80E92E}.Debug|Any CPU.Build.0 = Debug|Any CPU
		{B24A7980-4D51-4BFB-9762-4E3F5C80E92E}.Release|Any CPU.ActiveCfg = Release|Any CPU
		{B24A7980-4D51-4BFB-9762-4E3F5C80E92E}.Release|Any CPU.Build.0 = Release|Any CPU
		{A0C09126-9DD3-4857-8C90-EC2B090BEB11}.Debug|Any CPU.ActiveCfg = Debug|Any CPU
		{A0C09126-9DD3-4857-8C90-EC2B090BEB11}.Debug|Any CPU.Build.0 = Debug|Any CPU
		{A0C09126-9DD3-4857-8C90-EC2B090BEB11}.Release|Any CPU.ActiveCfg = Release|Any CPU
		{A0C09126-9DD3-4857-8C90-EC2B090BEB11}.Release|Any CPU.Build.0 = Release|Any CPU
	EndGlobalSection
	GlobalSection(SolutionProperties) = preSolution
		HideSolutionNode = FALSE
	EndGlobalSection
	GlobalSection(ExtensibilityGlobals) = postSolution
		SolutionGuid = {39924005-BD86-4D97-B097-DF975CB05FBA}
	EndGlobalSection
EndGlobal
